// !$*UTF8*$!
{
	archiveVersion = 1;
	classes = {
	};
	objectVersion = 56;
	objects = {

/* Begin PBXBuildFile section */
		811CD1262C03DD8B0063B29D /* ParkYou Watch App.app in Embed Watch Content */ = {isa = PBXBuildFile; fileRef = 811CD1252C03DD8B0063B29D /* ParkYou Watch App.app */; settings = {ATTRIBUTES = (RemoveHeadersOnCopy, ); }; };
		811CD12B2C03DD8B0063B29D /* ParkYouApp.swift in Sources */ = {isa = PBXBuildFile; fileRef = 811CD12A2C03DD8B0063B29D /* ParkYouApp.swift */; };
		811CD12D2C03DD8B0063B29D /* HomeView.swift in Sources */ = {isa = PBXBuildFile; fileRef = 811CD12C2C03DD8B0063B29D /* HomeView.swift */; };
		811CD12F2C03DD8D0063B29D /* Assets.xcassets in Resources */ = {isa = PBXBuildFile; fileRef = 811CD12E2C03DD8D0063B29D /* Assets.xcassets */; };
		811CD1322C03DD8D0063B29D /* Preview Assets.xcassets in Resources */ = {isa = PBXBuildFile; fileRef = 811CD1312C03DD8D0063B29D /* Preview Assets.xcassets */; };
		811CD13D2C03DE280063B29D /* DirectionView.swift in Sources */ = {isa = PBXBuildFile; fileRef = 811CD13C2C03DE280063B29D /* DirectionView.swift */; };
		811CD13F2C03DE980063B29D /* BeaconCalculation.swift in Sources */ = {isa = PBXBuildFile; fileRef = 811CD13E2C03DE980063B29D /* BeaconCalculation.swift */; };
		811CD1412C03E8B50063B29D /* DoneView.swift in Sources */ = {isa = PBXBuildFile; fileRef = 811CD1402C03E8B50063B29D /* DoneView.swift */; };
		811CD1432C03F18F0063B29D /* TxPowerMeasurement.swift in Sources */ = {isa = PBXBuildFile; fileRef = 811CD1422C03F18F0063B29D /* TxPowerMeasurement.swift */; };
		811CD1452C03F1EB0063B29D /* BeaconDetectorView.swift in Sources */ = {isa = PBXBuildFile; fileRef = 811CD1442C03F1EB0063B29D /* BeaconDetectorView.swift */; };
		811CD1472C03F3DC0063B29D /* CoordinateView.swift in Sources */ = {isa = PBXBuildFile; fileRef = 811CD1462C03F3DC0063B29D /* CoordinateView.swift */; };
/* End PBXBuildFile section */

/* Begin PBXContainerItemProxy section */
		811CD1272C03DD8B0063B29D /* PBXContainerItemProxy */ = {
			isa = PBXContainerItemProxy;
			containerPortal = 811CD1192C03DD8B0063B29D /* Project object */;
			proxyType = 1;
			remoteGlobalIDString = 811CD1242C03DD8B0063B29D;
			remoteInfo = "ParkYou Watch App";
		};
/* End PBXContainerItemProxy section */

/* Begin PBXCopyFilesBuildPhase section */
		811CD1382C03DD8D0063B29D /* Embed Watch Content */ = {
			isa = PBXCopyFilesBuildPhase;
			buildActionMask = 2147483647;
			dstPath = "$(CONTENTS_FOLDER_PATH)/Watch";
			dstSubfolderSpec = 16;
			files = (
				811CD1262C03DD8B0063B29D /* ParkYou Watch App.app in Embed Watch Content */,
			);
			name = "Embed Watch Content";
			runOnlyForDeploymentPostprocessing = 0;
		};
/* End PBXCopyFilesBuildPhase section */

/* Begin PBXFileReference section */
		811CD11F2C03DD8B0063B29D /* ParkYou.app */ = {isa = PBXFileReference; explicitFileType = wrapper.application; includeInIndex = 0; path = ParkYou.app; sourceTree = BUILT_PRODUCTS_DIR; };
		811CD1252C03DD8B0063B29D /* ParkYou Watch App.app */ = {isa = PBXFileReference; explicitFileType = wrapper.application; includeInIndex = 0; path = "ParkYou Watch App.app"; sourceTree = BUILT_PRODUCTS_DIR; };
		811CD12A2C03DD8B0063B29D /* ParkYouApp.swift */ = {isa = PBXFileReference; lastKnownFileType = sourcecode.swift; path = ParkYouApp.swift; sourceTree = "<group>"; };
		811CD12C2C03DD8B0063B29D /* HomeView.swift */ = {isa = PBXFileReference; lastKnownFileType = sourcecode.swift; path = HomeView.swift; sourceTree = "<group>"; };
		811CD12E2C03DD8D0063B29D /* Assets.xcassets */ = {isa = PBXFileReference; lastKnownFileType = folder.assetcatalog; path = Assets.xcassets; sourceTree = "<group>"; };
		811CD1312C03DD8D0063B29D /* Preview Assets.xcassets */ = {isa = PBXFileReference; lastKnownFileType = folder.assetcatalog; path = "Preview Assets.xcassets"; sourceTree = "<group>"; };
		811CD13C2C03DE280063B29D /* DirectionView.swift */ = {isa = PBXFileReference; lastKnownFileType = sourcecode.swift; path = DirectionView.swift; sourceTree = "<group>"; };
		811CD13E2C03DE980063B29D /* BeaconCalculation.swift */ = {isa = PBXFileReference; lastKnownFileType = sourcecode.swift; path = BeaconCalculation.swift; sourceTree = "<group>"; };
		811CD1402C03E8B50063B29D /* DoneView.swift */ = {isa = PBXFileReference; lastKnownFileType = sourcecode.swift; path = DoneView.swift; sourceTree = "<group>"; };
		811CD1422C03F18F0063B29D /* TxPowerMeasurement.swift */ = {isa = PBXFileReference; lastKnownFileType = sourcecode.swift; path = TxPowerMeasurement.swift; sourceTree = "<group>"; };
		811CD1442C03F1EB0063B29D /* BeaconDetectorView.swift */ = {isa = PBXFileReference; lastKnownFileType = sourcecode.swift; path = BeaconDetectorView.swift; sourceTree = "<group>"; };
		811CD1462C03F3DC0063B29D /* CoordinateView.swift */ = {isa = PBXFileReference; lastKnownFileType = sourcecode.swift; path = CoordinateView.swift; sourceTree = "<group>"; };
/* End PBXFileReference section */

/* Begin PBXFrameworksBuildPhase section */
		811CD1222C03DD8B0063B29D /* Frameworks */ = {
			isa = PBXFrameworksBuildPhase;
			buildActionMask = 2147483647;
			files = (
			);
			runOnlyForDeploymentPostprocessing = 0;
		};
/* End PBXFrameworksBuildPhase section */

/* Begin PBXGroup section */
		811CD1182C03DD8B0063B29D = {
			isa = PBXGroup;
			children = (
				811CD1292C03DD8B0063B29D /* ParkYou Watch App */,
				811CD1202C03DD8B0063B29D /* Products */,
			);
			sourceTree = "<group>";
		};
		811CD1202C03DD8B0063B29D /* Products */ = {
			isa = PBXGroup;
			children = (
				811CD11F2C03DD8B0063B29D /* ParkYou.app */,
				811CD1252C03DD8B0063B29D /* ParkYou Watch App.app */,
			);
			name = Products;
			sourceTree = "<group>";
		};
		811CD1292C03DD8B0063B29D /* ParkYou Watch App */ = {
			isa = PBXGroup;
			children = (
				811CD12A2C03DD8B0063B29D /* ParkYouApp.swift */,
				811CD12C2C03DD8B0063B29D /* HomeView.swift */,
				811CD13C2C03DE280063B29D /* DirectionView.swift */,
				811CD1402C03E8B50063B29D /* DoneView.swift */,
				811CD13E2C03DE980063B29D /* BeaconCalculation.swift */,
				811CD1422C03F18F0063B29D /* TxPowerMeasurement.swift */,
				811CD1442C03F1EB0063B29D /* BeaconDetectorView.swift */,
				811CD1462C03F3DC0063B29D /* CoordinateView.swift */,
				811CD12E2C03DD8D0063B29D /* Assets.xcassets */,
				811CD1302C03DD8D0063B29D /* Preview Content */,
			);
			path = "ParkYou Watch App";
			sourceTree = "<group>";
		};
		811CD1302C03DD8D0063B29D /* Preview Content */ = {
			isa = PBXGroup;
			children = (
				811CD1312C03DD8D0063B29D /* Preview Assets.xcassets */,
			);
			path = "Preview Content";
			sourceTree = "<group>";
		};
/* End PBXGroup section */

/* Begin PBXNativeTarget section */
		811CD11E2C03DD8B0063B29D /* ParkYou */ = {
			isa = PBXNativeTarget;
			buildConfigurationList = 811CD1392C03DD8D0063B29D /* Build configuration list for PBXNativeTarget "ParkYou" */;
			buildPhases = (
				811CD11D2C03DD8B0063B29D /* Resources */,
				811CD1382C03DD8D0063B29D /* Embed Watch Content */,
			);
			buildRules = (
			);
			dependencies = (
				811CD1282C03DD8B0063B29D /* PBXTargetDependency */,
			);
			name = ParkYou;
			productName = ParkYou;
			productReference = 811CD11F2C03DD8B0063B29D /* ParkYou.app */;
			productType = "com.apple.product-type.application.watchapp2-container";
		};
		811CD1242C03DD8B0063B29D /* ParkYou Watch App */ = {
			isa = PBXNativeTarget;
			buildConfigurationList = 811CD1352C03DD8D0063B29D /* Build configuration list for PBXNativeTarget "ParkYou Watch App" */;
			buildPhases = (
				811CD1212C03DD8B0063B29D /* Sources */,
				811CD1222C03DD8B0063B29D /* Frameworks */,
				811CD1232C03DD8B0063B29D /* Resources */,
			);
			buildRules = (
			);
			dependencies = (
			);
			name = "ParkYou Watch App";
			productName = "ParkYou Watch App";
			productReference = 811CD1252C03DD8B0063B29D /* ParkYou Watch App.app */;
			productType = "com.apple.product-type.application";
		};
/* End PBXNativeTarget section */

/* Begin PBXProject section */
		811CD1192C03DD8B0063B29D /* Project object */ = {
			isa = PBXProject;
			attributes = {
				BuildIndependentTargetsInParallel = 1;
				LastSwiftUpdateCheck = 1540;
				LastUpgradeCheck = 1540;
				TargetAttributes = {
					811CD11E2C03DD8B0063B29D = {
						CreatedOnToolsVersion = 15.4;
					};
					811CD1242C03DD8B0063B29D = {
						CreatedOnToolsVersion = 15.4;
					};
				};
			};
			buildConfigurationList = 811CD11C2C03DD8B0063B29D /* Build configuration list for PBXProject "ParkYou" */;
			compatibilityVersion = "Xcode 14.0";
			developmentRegion = en;
			hasScannedForEncodings = 0;
			knownRegions = (
				en,
				Base,
			);
			mainGroup = 811CD1182C03DD8B0063B29D;
			productRefGroup = 811CD1202C03DD8B0063B29D /* Products */;
			projectDirPath = "";
			projectRoot = "";
			targets = (
				811CD11E2C03DD8B0063B29D /* ParkYou */,
				811CD1242C03DD8B0063B29D /* ParkYou Watch App */,
			);
		};
/* End PBXProject section */

/* Begin PBXResourcesBuildPhase section */
		811CD11D2C03DD8B0063B29D /* Resources */ = {
			isa = PBXResourcesBuildPhase;
			buildActionMask = 2147483647;
			files = (
			);
			runOnlyForDeploymentPostprocessing = 0;
		};
		811CD1232C03DD8B0063B29D /* Resources */ = {
			isa = PBXResourcesBuildPhase;
			buildActionMask = 2147483647;
			files = (
				811CD1322C03DD8D0063B29D /* Preview Assets.xcassets in Resources */,
				811CD12F2C03DD8D0063B29D /* Assets.xcassets in Resources */,
			);
			runOnlyForDeploymentPostprocessing = 0;
		};
/* End PBXResourcesBuildPhase section */

/* Begin PBXSourcesBuildPhase section */
		811CD1212C03DD8B0063B29D /* Sources */ = {
			isa = PBXSourcesBuildPhase;
			buildActionMask = 2147483647;
			files = (
				811CD13D2C03DE280063B29D /* DirectionView.swift in Sources */,
				811CD13F2C03DE980063B29D /* BeaconCalculation.swift in Sources */,
				811CD1472C03F3DC0063B29D /* CoordinateView.swift in Sources */,
				811CD12D2C03DD8B0063B29D /* HomeView.swift in Sources */,
				811CD1452C03F1EB0063B29D /* BeaconDetectorView.swift in Sources */,
				811CD1412C03E8B50063B29D /* DoneView.swift in Sources */,
				811CD1432C03F18F0063B29D /* TxPowerMeasurement.swift in Sources */,
				811CD12B2C03DD8B0063B29D /* ParkYouApp.swift in Sources */,
			);
			runOnlyForDeploymentPostprocessing = 0;
		};
/* End PBXSourcesBuildPhase section */

/* Begin PBXTargetDependency section */
		811CD1282C03DD8B0063B29D /* PBXTargetDependency */ = {
			isa = PBXTargetDependency;
			target = 811CD1242C03DD8B0063B29D /* ParkYou Watch App */;
			targetProxy = 811CD1272C03DD8B0063B29D /* PBXContainerItemProxy */;
		};
/* End PBXTargetDependency section */

/* Begin XCBuildConfiguration section */
		811CD1332C03DD8D0063B29D /* Debug */ = {
			isa = XCBuildConfiguration;
			buildSettings = {
				ALWAYS_SEARCH_USER_PATHS = NO;
				ASSETCATALOG_COMPILER_GENERATE_SWIFT_ASSET_SYMBOL_EXTENSIONS = YES;
				CLANG_ANALYZER_NONNULL = YES;
				CLANG_ANALYZER_NUMBER_OBJECT_CONVERSION = YES_AGGRESSIVE;
				CLANG_CXX_LANGUAGE_STANDARD = "gnu++20";
				CLANG_ENABLE_MODULES = YES;
				CLANG_ENABLE_OBJC_ARC = YES;
				CLANG_ENABLE_OBJC_WEAK = YES;
				CLANG_WARN_BLOCK_CAPTURE_AUTORELEASING = YES;
				CLANG_WARN_BOOL_CONVERSION = YES;
				CLANG_WARN_COMMA = YES;
				CLANG_WARN_CONSTANT_CONVERSION = YES;
				CLANG_WARN_DEPRECATED_OBJC_IMPLEMENTATIONS = YES;
				CLANG_WARN_DIRECT_OBJC_ISA_USAGE = YES_ERROR;
				CLANG_WARN_DOCUMENTATION_COMMENTS = YES;
				CLANG_WARN_EMPTY_BODY = YES;
				CLANG_WARN_ENUM_CONVERSION = YES;
				CLANG_WARN_INFINITE_RECURSION = YES;
				CLANG_WARN_INT_CONVERSION = YES;
				CLANG_WARN_NON_LITERAL_NULL_CONVERSION = YES;
				CLANG_WARN_OBJC_IMPLICIT_RETAIN_SELF = YES;
				CLANG_WARN_OBJC_LITERAL_CONVERSION = YES;
				CLANG_WARN_OBJC_ROOT_CLASS = YES_ERROR;
				CLANG_WARN_QUOTED_INCLUDE_IN_FRAMEWORK_HEADER = YES;
				CLANG_WARN_RANGE_LOOP_ANALYSIS = YES;
				CLANG_WARN_STRICT_PROTOTYPES = YES;
				CLANG_WARN_SUSPICIOUS_MOVE = YES;
				CLANG_WARN_UNGUARDED_AVAILABILITY = YES_AGGRESSIVE;
				CLANG_WARN_UNREACHABLE_CODE = YES;
				CLANG_WARN__DUPLICATE_METHOD_MATCH = YES;
				COPY_PHASE_STRIP = NO;
				DEBUG_INFORMATION_FORMAT = dwarf;
				ENABLE_STRICT_OBJC_MSGSEND = YES;
				ENABLE_TESTABILITY = YES;
				ENABLE_USER_SCRIPT_SANDBOXING = YES;
				GCC_C_LANGUAGE_STANDARD = gnu17;
				GCC_DYNAMIC_NO_PIC = NO;
				GCC_NO_COMMON_BLOCKS = YES;
				GCC_OPTIMIZATION_LEVEL = 0;
				GCC_PREPROCESSOR_DEFINITIONS = (
					"DEBUG=1",
					"$(inherited)",
				);
				GCC_WARN_64_TO_32_BIT_CONVERSION = YES;
				GCC_WARN_ABOUT_RETURN_TYPE = YES_ERROR;
				GCC_WARN_UNDECLARED_SELECTOR = YES;
				GCC_WARN_UNINITIALIZED_AUTOS = YES_AGGRESSIVE;
				GCC_WARN_UNUSED_FUNCTION = YES;
				GCC_WARN_UNUSED_VARIABLE = YES;
				LOCALIZATION_PREFERS_STRING_CATALOGS = YES;
				MTL_ENABLE_DEBUG_INFO = INCLUDE_SOURCE;
				MTL_FAST_MATH = YES;
				ONLY_ACTIVE_ARCH = YES;
				SWIFT_ACTIVE_COMPILATION_CONDITIONS = "DEBUG $(inherited)";
				SWIFT_OPTIMIZATION_LEVEL = "-Onone";
			};
			name = Debug;
		};
		811CD1342C03DD8D0063B29D /* Release */ = {
			isa = XCBuildConfiguration;
			buildSettings = {
				ALWAYS_SEARCH_USER_PATHS = NO;
				ASSETCATALOG_COMPILER_GENERATE_SWIFT_ASSET_SYMBOL_EXTENSIONS = YES;
				CLANG_ANALYZER_NONNULL = YES;
				CLANG_ANALYZER_NUMBER_OBJECT_CONVERSION = YES_AGGRESSIVE;
				CLANG_CXX_LANGUAGE_STANDARD = "gnu++20";
				CLANG_ENABLE_MODULES = YES;
				CLANG_ENABLE_OBJC_ARC = YES;
				CLANG_ENABLE_OBJC_WEAK = YES;
				CLANG_WARN_BLOCK_CAPTURE_AUTORELEASING = YES;
				CLANG_WARN_BOOL_CONVERSION = YES;
				CLANG_WARN_COMMA = YES;
				CLANG_WARN_CONSTANT_CONVERSION = YES;
				CLANG_WARN_DEPRECATED_OBJC_IMPLEMENTATIONS = YES;
				CLANG_WARN_DIRECT_OBJC_ISA_USAGE = YES_ERROR;
				CLANG_WARN_DOCUMENTATION_COMMENTS = YES;
				CLANG_WARN_EMPTY_BODY = YES;
				CLANG_WARN_ENUM_CONVERSION = YES;
				CLANG_WARN_INFINITE_RECURSION = YES;
				CLANG_WARN_INT_CONVERSION = YES;
				CLANG_WARN_NON_LITERAL_NULL_CONVERSION = YES;
				CLANG_WARN_OBJC_IMPLICIT_RETAIN_SELF = YES;
				CLANG_WARN_OBJC_LITERAL_CONVERSION = YES;
				CLANG_WARN_OBJC_ROOT_CLASS = YES_ERROR;
				CLANG_WARN_QUOTED_INCLUDE_IN_FRAMEWORK_HEADER = YES;
				CLANG_WARN_RANGE_LOOP_ANALYSIS = YES;
				CLANG_WARN_STRICT_PROTOTYPES = YES;
				CLANG_WARN_SUSPICIOUS_MOVE = YES;
				CLANG_WARN_UNGUARDED_AVAILABILITY = YES_AGGRESSIVE;
				CLANG_WARN_UNREACHABLE_CODE = YES;
				CLANG_WARN__DUPLICATE_METHOD_MATCH = YES;
				COPY_PHASE_STRIP = NO;
				DEBUG_INFORMATION_FORMAT = "dwarf-with-dsym";
				ENABLE_NS_ASSERTIONS = NO;
				ENABLE_STRICT_OBJC_MSGSEND = YES;
				ENABLE_USER_SCRIPT_SANDBOXING = YES;
				GCC_C_LANGUAGE_STANDARD = gnu17;
				GCC_NO_COMMON_BLOCKS = YES;
				GCC_WARN_64_TO_32_BIT_CONVERSION = YES;
				GCC_WARN_ABOUT_RETURN_TYPE = YES_ERROR;
				GCC_WARN_UNDECLARED_SELECTOR = YES;
				GCC_WARN_UNINITIALIZED_AUTOS = YES_AGGRESSIVE;
				GCC_WARN_UNUSED_FUNCTION = YES;
				GCC_WARN_UNUSED_VARIABLE = YES;
				LOCALIZATION_PREFERS_STRING_CATALOGS = YES;
				MTL_ENABLE_DEBUG_INFO = NO;
				MTL_FAST_MATH = YES;
				SWIFT_COMPILATION_MODE = wholemodule;
			};
			name = Release;
		};
		811CD1362C03DD8D0063B29D /* Debug */ = {
			isa = XCBuildConfiguration;
			buildSettings = {
				ASSETCATALOG_COMPILER_APPICON_NAME = AppIcon;
				ASSETCATALOG_COMPILER_GLOBAL_ACCENT_COLOR_NAME = AccentColor;
				CODE_SIGN_STYLE = Automatic;
				CURRENT_PROJECT_VERSION = 1;
				DEVELOPMENT_ASSET_PATHS = "\"ParkYou Watch App/Preview Content\"";
				DEVELOPMENT_TEAM = XZYAP8RMAS;
				ENABLE_PREVIEWS = YES;
				GENERATE_INFOPLIST_FILE = YES;
				INFOPLIST_KEY_CFBundleDisplayName = ParkYou;
				INFOPLIST_KEY_NSBluetoothAlwaysUsageDescription = "We use Bluetooth to discover beacons.";
				INFOPLIST_KEY_NSBluetoothPeripheralUsageDescription = "We use Bluetooth to discover beacons.";
				INFOPLIST_KEY_UISupportedInterfaceOrientations = "UIInterfaceOrientationPortrait UIInterfaceOrientationPortraitUpsideDown";
				INFOPLIST_KEY_WKWatchOnly = YES;
				LD_RUNPATH_SEARCH_PATHS = (
					"$(inherited)",
					"@executable_path/Frameworks",
				);
				MARKETING_VERSION = 1.0;
				PRODUCT_BUNDLE_IDENTIFIER = Lele.ParkYou.watchkitapp;
				PRODUCT_NAME = "$(TARGET_NAME)";
				SDKROOT = watchos;
				SKIP_INSTALL = YES;
				SWIFT_EMIT_LOC_STRINGS = YES;
				SWIFT_VERSION = 5.0;
				TARGETED_DEVICE_FAMILY = 4;
				WATCHOS_DEPLOYMENT_TARGET = 10.5;
			};
			name = Debug;
		};
		811CD1372C03DD8D0063B29D /* Release */ = {
			isa = XCBuildConfiguration;
			buildSettings = {
				ASSETCATALOG_COMPILER_APPICON_NAME = AppIcon;
				ASSETCATALOG_COMPILER_GLOBAL_ACCENT_COLOR_NAME = AccentColor;
				CODE_SIGN_STYLE = Automatic;
				CURRENT_PROJECT_VERSION = 1;
				DEVELOPMENT_ASSET_PATHS = "\"ParkYou Watch App/Preview Content\"";
				DEVELOPMENT_TEAM = XZYAP8RMAS;
				ENABLE_PREVIEWS = YES;
				GENERATE_INFOPLIST_FILE = YES;
				INFOPLIST_KEY_CFBundleDisplayName = ParkYou;
				INFOPLIST_KEY_NSBluetoothAlwaysUsageDescription = "We use Bluetooth to discover beacons.";
				INFOPLIST_KEY_NSBluetoothPeripheralUsageDescription = "We use Bluetooth to discover beacons.";
				INFOPLIST_KEY_UISupportedInterfaceOrientations = "UIInterfaceOrientationPortrait UIInterfaceOrientationPortraitUpsideDown";
				INFOPLIST_KEY_WKWatchOnly = YES;
				LD_RUNPATH_SEARCH_PATHS = (
					"$(inherited)",
					"@executable_path/Frameworks",
				);
				MARKETING_VERSION = 1.0;
				PRODUCT_BUNDLE_IDENTIFIER = Lele.ParkYou.watchkitapp;
				PRODUCT_NAME = "$(TARGET_NAME)";
				SDKROOT = watchos;
				SKIP_INSTALL = YES;
				SWIFT_EMIT_LOC_STRINGS = YES;
				SWIFT_VERSION = 5.0;
				TARGETED_DEVICE_FAMILY = 4;
				VALIDATE_PRODUCT = YES;
				WATCHOS_DEPLOYMENT_TARGET = 10.5;
			};
			name = Release;
		};
		811CD13A2C03DD8D0063B29D /* Debug */ = {
			isa = XCBuildConfiguration;
			buildSettings = {
				ALWAYS_EMBED_SWIFT_STANDARD_LIBRARIES = YES;
				CODE_SIGN_STYLE = Automatic;
				CURRENT_PROJECT_VERSION = 1;
				DEVELOPMENT_TEAM = XZYAP8RMAS;
				INFOPLIST_KEY_CFBundleDisplayName = ParkYou;
				MARKETING_VERSION = 1.0;
				PRODUCT_BUNDLE_IDENTIFIER = Lele.ParkYou;
				PRODUCT_NAME = "$(TARGET_NAME)";
				SDKROOT = iphoneos;
				SWIFT_VERSION = 5.0;
			};
			name = Debug;
		};
		811CD13B2C03DD8D0063B29D /* Release */ = {
			isa = XCBuildConfiguration;
			buildSettings = {
				ALWAYS_EMBED_SWIFT_STANDARD_LIBRARIES = YES;
				CODE_SIGN_STYLE = Automatic;
				CURRENT_PROJECT_VERSION = 1;
				DEVELOPMENT_TEAM = XZYAP8RMAS;
				INFOPLIST_KEY_CFBundleDisplayName = ParkYou;
				MARKETING_VERSION = 1.0;
				PRODUCT_BUNDLE_IDENTIFIER = Lele.ParkYou;
				PRODUCT_NAME = "$(TARGET_NAME)";
				SDKROOT = iphoneos;
				SWIFT_VERSION = 5.0;
				VALIDATE_PRODUCT = YES;
			};
			name = Release;
		};
/* End XCBuildConfiguration section */

/* Begin XCConfigurationList section */
		811CD11C2C03DD8B0063B29D /* Build configuration list for PBXProject "ParkYou" */ = {
			isa = XCConfigurationList;
			buildConfigurations = (
				811CD1332C03DD8D0063B29D /* Debug */,
				811CD1342C03DD8D0063B29D /* Release */,
			);
			defaultConfigurationIsVisible = 0;
			defaultConfigurationName = Release;
		};
		811CD1352C03DD8D0063B29D /* Build configuration list for PBXNativeTarget "ParkYou Watch App" */ = {
			isa = XCConfigurationList;
			buildConfigurations = (
				811CD1362C03DD8D0063B29D /* Debug */,
				811CD1372C03DD8D0063B29D /* Release */,
			);
			defaultConfigurationIsVisible = 0;
			defaultConfigurationName = Release;
		};
		811CD1392C03DD8D0063B29D /* Build configuration list for PBXNativeTarget "ParkYou" */ = {
			isa = XCConfigurationList;
			buildConfigurations = (
				811CD13A2C03DD8D0063B29D /* Debug */,
				811CD13B2C03DD8D0063B29D /* Release */,
			);
			defaultConfigurationIsVisible = 0;
			defaultConfigurationName = Release;
		};
/* End XCConfigurationList section */
	};
	rootObject = 811CD1192C03DD8B0063B29D /* Project object */;
}
